
Microsoft Visual Studio Solution File, Format Version 12.00
# Visual Studio Version 16
VisualStudioVersion = 16.0.810.6
MinimumVisualStudioVersion = 10.0.40219.1
Project("{FAE04EC0-301F-11D3-BF4B-00C04F79EFBC}") = "AccountApi", "AccountApi\AccountApi.csproj", "{94ED8B65-E7D8-4CA7-A39F-66CFC7C7FDBA}"
EndProject
Global
	GlobalSection(SolutionConfigurationPlatforms) = preSolution
		Debug|Any CPU = Debug|Any CPU
		Release|Any CPU = Release|Any CPU
	EndGlobalSection
	GlobalSection(ProjectConfigurationPlatforms) = postSolution
		{94ED8B65-E7D8-4CA7-A39F-66CFC7C7FDBA}.Debug|Any CPU.ActiveCfg = Debug|Any CPU
		{94ED8B65-E7D8-4CA7-A39F-66CFC7C7FDBA}.Debug|Any CPU.Build.0 = Debug|Any CPU
		{94ED8B65-E7D8-4CA7-A39F-66CFC7C7FDBA}.Release|Any CPU.ActiveCfg = Release|Any CPU
		{94ED8B65-E7D8-4CA7-A39F-66CFC7C7FDBA}.Release|Any CPU.Build.0 = Release|Any CPU
	EndGlobalSection
	GlobalSection(SolutionProperties) = preSolution
		HideSolutionNode = FALSE
	EndGlobalSection
	GlobalSection(ExtensibilityGlobals) = postSolution
		SolutionGuid = {A0E7FF30-F6F6-4660-BA73-4D3C3A9CBD77}
	EndGlobalSection
EndGlobal
